
Microsoft Visual Studio Solution File, Format Version 10.00
# Visual Studio 2008
Project("{8BC9CEB8-8B4A-11D0-8D11-00A0C91BC942}") = "rdserver_ldr", "rdserver_ldr.vcproj", "{CA83A597-8F72-4F37-BE54-F609EE5CD5D4}"
EndProject
Global
	GlobalSection(SolutionConfigurationPlatforms) = preSolution
		Debug|Win32 = Debug|Win32
		Release|Win32 = Release|Win32
	EndGlobalSection
	GlobalSection(ProjectConfigurationPlatforms) = postSolution
		{CA83A597-8F72-4F37-BE54-F609EE5CD5D4}.Debug|Win32.ActiveCfg = Debug|Win32
		{CA83A597-8F72-4F37-BE54-F609EE5CD5D4}.Debug|Win32.Build.0 = Debug|Win32
		{CA83A597-8F72-4F37-BE54-F609EE5CD5D4}.Release|Win32.ActiveCfg = Release|Win32
		{CA83A597-8F72-4F37-BE54-F609EE5CD5D4}.Release|Win32.Build.0 = Release|Win32
	EndGlobalSection
	GlobalSection(SolutionProperties) = preSolution
		HideSolutionNode = FALSE
	EndGlobalSection
EndGlobal
